
Microsoft Visual Studio Solution File, Format Version 12.00
# Visual Studio 2013
VisualStudioVersion = 12.0.21005.1
MinimumVisualStudioVersion = 10.0.40219.1
Project("{8BC9CEB8-8B4A-11D0-8D11-00A0C91BC942}") = "Petya", "Petya\Petya.vcxproj", "{F8F5FC29-7365-4302-A701-350083C57209}"
EndProject
Project("{8BC9CEB8-8B4A-11D0-8D11-00A0C91BC942}") = "Test", "Test\Test.vcxproj", "{A5343745-059D-4B8C-B18A-4E84E8417D8D}"
EndProject
Global
	GlobalSection(SolutionConfigurationPlatforms) = preSolution
		Debug|Mixed Platforms = Debug|Mixed Platforms
		Debug|Win32 = Debug|Win32
		Debug|x64 = Debug|x64
		Debug|x86 = Debug|x86
		Release|Mixed Platforms = Release|Mixed Platforms
		Release|Win32 = Release|Win32
		Release|x64 = Release|x64
		Release|x86 = Release|x86
	EndGlobalSection
	GlobalSection(ProjectConfigurationPlatforms) = postSolution
		{F8F5FC29-7365-4302-A701-350083C57209}.Debug|Mixed Platforms.ActiveCfg = Debug|Win32
		{F8F5FC29-7365-4302-A701-350083C57209}.Debug|Mixed Platforms.Build.0 = Debug|Win32
		{F8F5FC29-7365-4302-A701-350083C57209}.Debug|Win32.ActiveCfg = Debug|Win32
		{F8F5FC29-7365-4302-A701-350083C57209}.Debug|Win32.Build.0 = Debug|Win32
		{F8F5FC29-7365-4302-A701-350083C57209}.Debug|x64.ActiveCfg = Debug|x64
		{F8F5FC29-7365-4302-A701-350083C57209}.Debug|x64.Build.0 = Debug|x64
		{F8F5FC29-7365-4302-A701-350083C57209}.Debug|x86.ActiveCfg = Debug|Win32
		{F8F5FC29-7365-4302-A701-350083C57209}.Debug|x86.Build.0 = Debug|Win32
		{F8F5FC29-7365-4302-A701-350083C57209}.Release|Mixed Platforms.ActiveCfg = Release|Win32
		{F8F5FC29-7365-4302-A701-350083C57209}.Release|Mixed Platforms.Build.0 = Release|Win32
		{F8F5FC29-7365-4302-A701-350083C57209}.Release|Win32.ActiveCfg = Release|Win32
		{F8F5FC29-7365-4302-A701-350083C57209}.Release|Win32.Build.0 = Release|Win32
		{F8F5FC29-7365-4302-A701-350083C57209}.Release|x64.ActiveCfg = Release|x64
		{F8F5FC29-7365-4302-A701-350083C57209}.Release|x64.Build.0 = Release|x64
		{F8F5FC29-7365-4302-A701-350083C57209}.Release|x86.ActiveCfg = Release|Win32
		{F8F5FC29-7365-4302-A701-350083C57209}.Release|x86.Build.0 = Release|Win32
		{A5343745-059D-4B8C-B18A-4E84E8417D8D}.Debug|Mixed Platforms.ActiveCfg = Debug|Win32
		{A5343745-059D-4B8C-B18A-4E84E8417D8D}.Debug|Mixed Platforms.Build.0 = Debug|Win32
		{A5343745-059D-4B8C-B18A-4E84E8417D8D}.Debug|Win32.ActiveCfg = Debug|Win32
		{A5343745-059D-4B8C-B18A-4E84E8417D8D}.Debug|Win32.Build.0 = Debug|Win32
		{A5343745-059D-4B8C-B18A-4E84E8417D8D}.Debug|x64.ActiveCfg = Debug|Win32
		{A5343745-059D-4B8C-B18A-4E84E8417D8D}.Debug|x86.ActiveCfg = Debug|Win32
		{A5343745-059D-4B8C-B18A-4E84E8417D8D}.Debug|x86.Build.0 = Debug|Win32
		{A5343745-059D-4B8C-B18A-4E84E8417D8D}.Release|Mixed Platforms.ActiveCfg = Release|Win32
		{A5343745-059D-4B8C-B18A-4E84E8417D8D}.Release|Mixed Platforms.Build.0 = Release|Win32
		{A5343745-059D-4B8C-B18A-4E84E8417D8D}.Release|Win32.ActiveCfg = Release|Win32
		{A5343745-059D-4B8C-B18A-4E84E8417D8D}.Release|Win32.Build.0 = Release|Win32
		{A5343745-059D-4B8C-B18A-4E84E8417D8D}.Release|x64.ActiveCfg = Release|Win32
		{A5343745-059D-4B8C-B18A-4E84E8417D8D}.Release|x86.ActiveCfg = Release|Win32
		{A5343745-059D-4B8C-B18A-4E84E8417D8D}.Release|x86.Build.0 = Release|Win32
	EndGlobalSection
	GlobalSection(SolutionProperties) = preSolution
		HideSolutionNode = FALSE
	EndGlobalSection
EndGlobal
